
Microsoft Visual Studio Solution File, Format Version 12.00
# Visual Studio Version 17
VisualStudioVersion = 17.14.36518.9 d17.14
MinimumVisualStudioVersion = 10.0.40219.1
Project("{FAE04EC0-301F-11D3-BF4B-00C04F79EFBC}") = "Notification-Demo", "Notification-Demo\Notification-Demo.csproj", "{BC636D6F-AC6D-4AD1-90F8-ABA5322AD203}"
EndProject
Global
	GlobalSection(SolutionConfigurationPlatforms) = preSolution
		Debug|Any CPU = Debug|Any CPU
		Release|Any CPU = Release|Any CPU
	EndGlobalSection
	GlobalSection(ProjectConfigurationPlatforms) = postSolution
		{BC636D6F-AC6D-4AD1-90F8-ABA5322AD203}.Debug|Any CPU.ActiveCfg = Debug|Any CPU
		{BC636D6F-AC6D-4AD1-90F8-ABA5322AD203}.Debug|Any CPU.Build.0 = Debug|Any CPU
		{BC636D6F-AC6D-4AD1-90F8-ABA5322AD203}.Release|Any CPU.ActiveCfg = Release|Any CPU
		{BC636D6F-AC6D-4AD1-90F8-ABA5322AD203}.Release|Any CPU.Build.0 = Release|Any CPU
	EndGlobalSection
	GlobalSection(SolutionProperties) = preSolution
		HideSolutionNode = FALSE
	EndGlobalSection
	GlobalSection(ExtensibilityGlobals) = postSolution
		SolutionGuid = {D7A87B28-EE57-4838-AED1-34F815FC6848}
	EndGlobalSection
EndGlobal
